{
  "name": "cr-wildlife-cordova",
  "version": "1.0.0",
  "lockfileVersion": 3,
  "requires": true,
  "packages": {
    "": {
      "name": "cr-wildlife-cordova",
      "version": "1.0.0",
      "license": "MIT",
      "dependencies": {
        "cordova": "^12.0.0",
        "cordova-android": "^12.0.0",
        "cordova-ios": "^7.0.0",
        "cordova-plugin-camera": "^7.0.0",
        "cordova-plugin-contacts": "^3.0.1",
        "cordova-plugin-device": "^2.1.0",
        "cordova-plugin-dialogs": "^2.0.2",
        "cordova-plugin-file": "^8.0.1",
        "cordova-plugin-file-transfer": "^2.0.0",
        "cordova-plugin-geolocation": "^5.0.0",
        "cordova-plugin-inappbrowser": "^6.0.0",
        "cordova-plugin-network-information": "^3.0.0",
        "cordova-plugin-sms": "^1.0.5",
        "cordova-plugin-splashscreen": "^6.0.2",
        "cordova-plugin-statusbar": "^4.0.0",
        "cordova-plugin-vibration": "^3.1.1",
        "cordova-plugin-whitelist": "^1.3.5"
      }
    },
    "node_modules/cordova": {
      "version": "12.0.0",
      "resolved": "https://registry.npmjs.org/cordova/-/cordova-12.0.0.tgz",
      "integrity": "sha512-x7+MSRSd3SgLr7a1ILCWGqRz5t1VgM4EyhZfVLB/USmLH7iEwqA8dMjUKr98TZa4b4Oa2t9qffu6NCSxQ9cZeg==",
      "license": "Apache-2.0",
      "dependencies": {
        "cordova-common": "^5.0.0",
        "cordova-create": "^5.0.0",
        "cordova-fetch": "^4.0.0",
        "cordova-lib": "^12.0.0",
        "cordova-serve": "^4.0.1",
        "nopt": "^7.0.0",
        "semver": "^7.5.2"
      },
      "bin": {
        "cordova": "bin/cordova"
      },
      "engines": {
        "node": ">=16.13.0",
        "npm": ">=8.1.0"
      }
    },
    "node_modules/cordova-android": {
      "version": "12.0.0",
      "resolved": "https://registry.npmjs.org/cordova-android/-/cordova-android-12.0.0.tgz",
      "integrity": "sha512-v9VBLbT9B1UhFv+sw6S3cHcCFk5T0i9QyGmGq1n3hTPqR6ot0hBSqXc+xMhTvAXgeEuzxLgM/XjW11BEdFArQQ==",
      "license": "Apache-2.0",
      "dependencies": {
        "android-versions": "^2.0.0",
        "cordova-common": "^5.0.0",
        "execa": "^5.1.1",
        "fs-extra": "^11.1.0",
        "nopt": "^7.1.0",
        "properties-parser": "^0.3.1",
        "semver": "^7.5.0",
        "which": "^3.0.0"
      },
      "engines": {
        "node": ">=16.13.0"
      }
    },
    "node_modules/cordova-ios": {
      "version": "7.0.0",
      "resolved": "https://registry.npmjs.org/cordova-ios/-/cordova-ios-7.0.0.tgz",
      "integrity": "sha512-pzwG7hRTT9dK3m3Q6MFKuwDnWgJvCxssu4oPJMPCX6TpFeMvD3os1THdJ2fH/sGMLa5oLyUMySgL25Q4UJOU9w==",
      "license": "Apache-2.0",
      "dependencies": {
        "cordova-common": "^5.0.0",
        "fs-extra": "^11.1.0",
        "ios-sim": "^8.0.2",
        "nopt": "^7.1.0",
        "plist": "^3.0.6",
        "semver": "^7.5.0",
        "unorm": "^1.6.0",
        "which": "^3.0.0",
        "xcode": "^3.0.1",
        "xml-escape": "^1.1.0"
      },
      "engines": {
        "node": ">=16.13.0"
      }
    },
    "node_modules/cordova-plugin-camera": {
      "version": "7.0.0",
      "resolved": "https://registry.npmjs.org/cordova-plugin-camera/-/cordova-plugin-camera-7.0.0.tgz",
      "integrity": "sha512-LL9UYyBwNq2qhA5W1PAtWon7nPso4CcS+J2bmLFaPKhO3A2PvJ8CvopCriBntYgTxYoCbd0k8+LVwROPLki7/g==",
      "license": "Apache-2.0",
      "engines": {
        "cordovaDependencies": {
          "5.0.0": {
            "cordova-android": ">=9.0.0",
            "cordova-ios": ">=6.0.0"
          }
        }
      }
    },
    "node_modules/cordova-plugin-contacts": {
      "version": "3.0.1",
      "resolved": "https://registry.npmjs.org/cordova-plugin-contacts/-/cordova-plugin-contacts-3.0.1.tgz",
      "integrity": "sha512-3Toh8ZYmHrZUTIb+5sTjGLs/5VX7cZxpzMYnF8MFd2vQyH35nJzA2T5gOcPYk0Sx6k0Pc2asBNR1fH5HHJf7Q==",
      "license": "Apache-2.0",
      "engines": {
        "cordovaDependencies": {
          "3.0.0": {
            "cordova-android": ">=6.3.0",
            "cordova-ios": ">=4.5.0"
          }
        }
      }
    },
    "node_modules/cordova-plugin-device": {
      "version": "2.1.0",
      "resolved": "https://registry.npmjs.org/cordova-plugin-device/-/cordova-plugin-device-2.1.0.tgz",
      "integrity": "sha512-5ILfKad4lE/7G4MA0Ql6R56j5Z6++3Oub87SH4UNqHfYAZhx7M/uGIGo8f9Uqj9cX9gVFFx21+GF6QY/DG/Tg==",
      "license": "Apache-2.0",
      "engines": {
        "cordovaDependencies": {
          "3.0.0": {
            "cordova": ">100"
          }
        }
      }
    },
    "node_modules/cordova-plugin-dialogs": {
      "version": "2.0.2",
      "resolved": "https://registry.npmjs.org/cordova-plugin-dialogs/-/cordova-plugin-dialogs-2.0.2.tgz",
      "integrity": "sha512-FUHI6e8EeSuxO0kYRzWJscbY7YI+q5kFsspWjvV43cLqRoeLKL5W6p6V02qN/naOayYh60h8PGQc7oNJY2uQA==",
      "license": "Apache-2.0",
      "engines": {
        "cordovaDependencies": {
          "3.0.0": {
            "cordova": ">100"
          }
        }
      }
    },
    "node_modules/cordova-plugin-file": {
      "version": "8.0.1",
      "resolved": "https://registry.npmjs.org/cordova-plugin-file/-/cordova-plugin-file-8.0.1.tgz",
      "integrity": "sha512-1v71yXZcO+28j8Mv3dQnJ2F3Fq+jG2XQZ2osVX4G/nvZ6ClZ0dNUAHLqF1GjsInH4gsvBqMYq12Ur0IykibcZA==",
      "license": "Apache-2.0",
      "engines": {
        "cordovaDependencies": {
          "8.0.0": {
            "cordova-android": ">=10.0.0",
            "cordova-ios": ">=6.0.0"
          }
        }
      }
    },
    "node_modules/cordova-plugin-file-transfer": {
      "version": "2.0.0",
      "resolved": "https://registry.npmjs.org/cordova-plugin-file-transfer/-/cordova-plugin-file-transfer-2.0.0.tgz",
      "integrity": "sha512-qSJxWTvjQ+ZbKOnIxALH8K3z3h+9ewK9UHR03hJ6r5WX6g9E8Py7myjG2+OXbE9mG1o/YoR3lI0sZ6QwvJ9Oew==",
      "license": "Apache-2.0",
      "dependencies": {
        "cordova-plugin-file": "^8.0.0"
      },
      "engines": {
        "cordovaDependencies": {
          "2.0.0": {
            "cordova-android": ">=10.0.0",
            "cordova-ios": ">=6.0.0"
          }
        }
      }
    },
    "node_modules/cordova-plugin-geolocation": {
      "version": "5.0.0",
      "resolved": "https://registry.npmjs.org/cordova-plugin-geolocation/-/cordova-plugin-geolocation-5.0.0.tgz",
      "integrity": "sha512-px1F01ZP+O6P0iOXCwqD3Imu3ODP2R28RhHZvTpxKz0iQjmdVKcUfbeAVOqc1nRqPT6gJAbvW9hQAf4h83L+7g==",
      "license": "Apache-2.0",
      "engines": {
        "cordovaDependencies": {
          "5.0.0": {
            "cordova-android": ">=10.0.0",
            "cordova-ios": ">=6.0.0"
          }
        }
      }
    },
    "node_modules/cordova-plugin-inappbrowser": {
      "version": "6.0.0",
      "resolved": "https://registry.npmjs.org/cordova-plugin-inappbrowser/-/cordova-plugin-inappbrowser-6.0.0.tgz",
      "integrity": "sha512-fQan0NkEsWggUJdPv3FbV9aFEQPlxI6EwGqajyLpCtN6j8gv6Il7vCQw5M+/hhtA8dOBX2r4oQpRggKv7c6Uw==",
      "license": "Apache-2.0",
      "engines": {
        "cordovaDependencies": {
          "6.0.0": {
            "cordova-android": ">=10.0.0",
            "cordova-ios": ">=6.0.0"
          }
        }
      }
    },
    "node_modules/cordova-plugin-network-information": {
      "version": "3.0.0",
      "resolved": "https://registry.npmjs.org/cordova-plugin-network-information/-/cordova-plugin-network-information-3.0.0.tgz",
      "integrity": "sha512-bZqJ9HnTNKP+0mN/p1S7X1t7tO57I+UZTY1pEwhqTfXU4L6v6Etx75VQcSTOj/NqboTl6BLg18xE6m3g/oLpQ==",
      "license": "Apache-2.0",
      "engines": {
        "cordovaDependencies": {
          "3.0.0": {
            "cordova-android": ">=10.0.0",
            "cordova-ios": ">=6.0.0"
          }
        }
      }
    },
    "node_modules/cordova-plugin-sms": {
      "version": "1.0.5",
      "resolved": "https://registry.npmjs.org/cordova-plugin-sms/-/cordova-plugin-sms-1.0.5.tgz",
      "integrity": "sha512-Fq54Ksw2hW5YAHsC+yEeIR8JXl1cK8vJKlQYdCwNK7KcL82kLrWlHZqYLnVqB88Lc6xHqK7uXzJQ9b7g19kQ==",
      "license": "MIT"
    },
    "node_modules/cordova-plugin-splashscreen": {
      "version": "6.0.2",
      "resolved": "https://registry.npmjs.org/cordova-plugin-splashscreen/-/cordova-plugin-splashscreen-6.0.2.tgz",
      "integrity": "sha512-P6Qqkd1x4rHZXBcMvF9XcBKBQqjCQ1H1A13hylgKp6zFVRy+3aPXvL5MVr1EwKOb1zFQd2fTYX5hHR4m3gRg==",
      "license": "Apache-2.0",
      "engines": {
        "cordovaDependencies": {
          "6.0.0": {
            "cordova-android": ">=9.0.0",
            "cordova-ios": ">=6.0.0"
          }
        }
      }
    },
    "node_modules/cordova-plugin-statusbar": {
      "version": "4.0.0",
      "resolved": "https://registry.npmjs.org/cordova-plugin-statusbar/-/cordova-plugin-statusbar-4.0.0.tgz",
      "integrity": "sha512-lOkC92ua2nPpNcDoXoHqoA4vIFR7WrHfL2aRaqr2lS+HWZclx/pZGOgQp2bG7KQw84R4P7OWvMWP0rOb2uA5A==",
      "license": "Apache-2.0",
      "engines": {
        "cordovaDependencies": {
          "4.0.0": {
            "cordova-android": ">=10.0.0",
            "cordova-ios": ">=6.0.0"
          }
        }
      }
    },
    "node_modules/cordova-plugin-vibration": {
      "version": "3.1.1",
      "resolved": "https://registry.npmjs.org/cordova-plugin-vibration/-/cordova-plugin-vibration-3.1.1.tgz",
      "integrity": "sha512-pHgrL3YKhBxHUuYfOG1R0n3HcB7vHQI8gshzU8CAb2Z8lCiaTqiaaC6HmcqSOFCO3z9O1qEIF7Bp2qRfQ3/Jw==",
      "license": "Apache-2.0",
      "engines": {
        "cordovaDependencies": {
          "3.0.0": {
            "cordova": ">100"
          }
        }
      }
    },
    "node_modules/cordova-plugin-whitelist": {
      "version": "1.3.5",
      "resolved": "https://registry.npmjs.org/cordova-plugin-whitelist/-/cordova-plugin-whitelist-1.3.5.tgz",
      "integrity": "sha512-N9bU8JtmOEBvP8XUAl2agLr+kkFFNv0q+8E3aF6bd3tjZ4A0jWlzzZmz0H3SeE62ukG+kLrJY1aE2CC7LJ3KA==",
      "license": "Apache-2.0",
      "engines": {
        "cordovaDependencies": {
          "2.0.0": {
            "cordova-android": ">=4.0.0-dev"
          }
        }
      }
    },
    "node_modules/android-versions": {
      "version": "2.0.1",
      "resolved": "https://registry.npmjs.org/android-versions/-/android-versions-2.0.1.tgz",
      "integrity": "sha512-5F+8lYjOHw0+J9T8AZiVxGIZ8jC5Oax9fPT0QH/qIIG7H4nmgCxBwVX53LzqhJcSQ7quJ0gizG0KbmPBRGcMg==",
      "license": "MIT",
      "dependencies": {
        "semver": "^7.5.2"
      }
    },
    "node_modules/abbrev": {
      "version": "2.0.0",
      "resolved": "https://registry.npmjs.org/abbrev/-/abbrev-2.0.0.tgz",
      "integrity": "sha512-6/mh1E2u2YgEsCHdY0Yx5oW+61gZU+1vXaoiHHrpKeuRNNgFvS+/jrwHiQhB5apAf5oB7UB7E19ol2R2LKH8hQ==",
      "license": "ISC",
      "engines": {
        "node": "^14.17.0 || ^16.13.0 || >=18.0.0"
      }
    },
    "node_modules/base64-js": {
      "version": "1.5.1",
      "resolved": "https://registry.npmjs.org/base64-js/-/base64-js-1.5.1.tgz",
      "integrity": "sha512-AKpaYlHn8t4SVbOHCy+b5+KKgvR4vrsD8vbvrbiQJps7fKDTkjkDry6ji0rUJjC0kzbNePLwzxq8iypo41qeWA==",
      "funding": [
        {
          "type": "github",
          "url": "https://github.com/sponsors/feross"
        },
        {
          "type": "patreon",
          "url": "https://www.patreon.com/feross"
        },
        {
          "type": "consulting",
          "url": "https://feross.org/support"
        }
      ],
      "license": "MIT"
    },
    "node_modules/big-integer": {
      "version": "1.6.52",
      "resolved": "https://registry.npmjs.org/big-integer/-/big-integer-1.6.52.tgz",
      "integrity": "sha512-QxD8cf2eVqJOOz63z6JIN9BzvVs/dlySa5HGSBH5xtR8dPteIRQnBxxKqkNTiT6jbDTF6jAfrd4oMcND9RGbQg==",
      "license": "Unlicense",
      "engines": {
        "node": ">=0.6"
      }
    },
    "node_modules/bplist-creator": {
      "version": "0.1.0",
      "resolved": "https://registry.npmjs.org/bplist-creator/-/bplist-creator-0.1.0.tgz",
      "integrity": "sha512-sXaHZicyEEmY86WyueLTQesbeoH/mquvarJaQNbjuOQO+7gbFcDEWqKmcWA4cOTLzFlfgvkiVxolk1k5bBIpmg==",
      "license": "MIT",
      "dependencies": {
        "stream-buffers": "2.2.x"
      }
    },
    "node_modules/bplist-parser": {
      "version": "0.3.2",
      "resolved": "https://registry.npmjs.org/bplist-parser/-/bplist-parser-0.3.2.tgz",
      "integrity": "sha512-apC2+fspHGI3mMKj+dGevkGo/tCqVB8jMb6i+OX+E29p0Iposz07fABkRIfVUPNd5A5VbuOz1bZbnmkKLYF+wQ==",
      "license": "MIT",
      "dependencies": {
        "big-integer": "1.6.x"
      },
      "engines": {
        "node": ">= 5.10.0"
      }
    },
    "node_modules/cross-spawn": {
      "version": "7.0.3",
      "resolved": "https://registry.npmjs.org/cross-spawn/-/cross-spawn-7.0.3.tgz",
      "integrity": "sha512-iRDPJKUPVEND7dHPO8rkbOnPpyDygcDFtWjpeWNCgy8WP2rXcxXL8TskReQl6OrB2G7+UJrags1q15Fudc7G6w==",
      "license": "MIT",
      "dependencies": {
        "path-key": "^3.1.0",
        "shebang-command": "^2.0.0",
        "which": "^2.0.1"
      },
      "engines": {
        "node": ">= 8"
      }
    },
    "node_modules/cross-spawn/node_modules/which": {
      "version": "2.0.2",
      "resolved": "https://registry.npmjs.org/which/-/which-2.0.2.tgz",
      "integrity": "sha512-BLI3Tl1TW3Pvl70l3yq3Y64i+awpwXqsGBYWkkqMtnbXgrMD+yj7rhW0kuEDxzJaYXGjEW5ogapKNMEKNMjibA==",
      "license": "ISC",
      "dependencies": {
        "isexe": "^2.0.0"
      },
      "bin": {
        "node-which": "bin/node-which"
      },
      "engines": {
        "node": ">= 8"
      }
    },
    "node_modules/execa": {
      "version": "5.1.1",
      "resolved": "https://registry.npmjs.org/execa/-/execa-5.1.1.tgz",
      "integrity": "sha512-8uSpZZocAZRBAPIEINJj3Lo9HyGitllczc27Eh5YYojjMFMn8yHMDMaUHE2Jqfq05D/wucwI4JGURyXt1vchyg==",
      "license": "MIT",
      "dependencies": {
        "cross-spawn": "^7.0.3",
        "get-stream": "^6.0.0",
        "human-signals": "^2.1.0",
        "is-stream": "^2.0.0",
        "merge-stream": "^2.0.0",
        "npm-run-path": "^4.0.1",
        "onetime": "^5.1.2",
        "signal-exit": "^3.0.3",
        "strip-final-newline": "^2.0.0"
      },
      "engines": {
        "node": ">=10"
      },
      "funding": {
        "url": "https://github.com/sindresorhus/execa?sponsor=1"
      }
    },
    "node_modules/fs-extra": {
      "version": "11.2.0",
      "resolved": "https://registry.npmjs.org/fs-extra/-/fs-extra-11.2.0.tgz",
      "integrity": "sha512-PmDi3uwK5nFuXh7XDTlVnS17xJS7vW36is2+w3xcv8SVxiB4NyATf4ctkVY5bkSjX0Y4nbvZCq1/EjtEyr9ktw==",
      "license": "MIT",
      "dependencies": {
        "graceful-fs": "^4.2.0",
        "jsonfile": "^6.0.1",
        "universalify": "^2.0.0"
      },
      "engines": {
        "node": ">=14.14"
      }
    },
    "node_modules/get-stream": {
      "version": "6.0.1",
      "resolved": "https://registry.npmjs.org/get-stream/-/get-stream-6.0.1.tgz",
      "integrity": "sha512-ts6Wi+2j3jQjqi70w5AlN8DFnkSwC+MqmxEzdEALB2qXZYV3X/b1CTfgPLGJNMeAWxdPfU8FO1ms3NUfaHCPYg==",
      "license": "MIT",
      "engines": {
        "node": ">=10"
      },
      "funding": {
        "url": "https://github.com/sponsors/sindresorhus"
      }
    },
    "node_modules/graceful-fs": {
      "version": "4.2.11",
      "resolved": "https://registry.npmjs.org/graceful-fs/-/graceful-fs-4.2.11.tgz",
      "integrity": "sha512-RbJ5/jmFcNNCcDV5o9eTnBLJ/HszWV0P73bc+Ff4nS/rJj+YaS6IGyiOL0VoBYX+l1Wrl3k63h/KrH+nhJ0XvQ==",
      "license": "ISC"
    },
    "node_modules/human-signals": {
      "version": "2.1.0",
      "resolved": "https://registry.npmjs.org/human-signals/-/human-signals-2.1.0.tgz",
      "integrity": "sha512-B4FFZ6q/T2jhhksgkbEW3HBvWIfDW85snkQgawt07S7J5QXTk6BkNV+0yAeZrM5QpMAdYlocGoljn0sJ/WQkFw==",
      "license": "Apache-2.0",
      "engines": {
        "node": ">=10.17.0"
      }
    },
    "node_modules/ios-sim": {
      "version": "8.0.2",
      "resolved": "https://registry.npmjs.org/ios-sim/-/ios-sim-8.0.2.tgz",
      "integrity": "sha512-P7nEG7719dSN+9GnAsS5r3GeO1mf+H5HmHsMlMiT4AARZX9WRuc1G4H2N6T1q8Td87vK/QN5mHjGqHffJ0BPwA==",
      "license": "MIT",
      "dependencies": {
        "bplist-parser": "^0.0.6",
        "nopt": "1.0.9",
        "plist": "^3.0.1",
        "simctl": "^2"
      },
      "bin": {
        "ios-sim": "bin/ios-sim"
      }
    },
    "node_modules/ios-sim/node_modules/bplist-parser": {
      "version": "0.0.6",
      "resolved": "https://registry.npmjs.org/bplist-parser/-/bplist-parser-0.0.6.tgz",
      "integrity": "sha512-geHZ4bIwaWnJl9PvTyjI0b4Yq1u9jKc8T5sXaWD/DKfN2P8rBAm7NMDJZ8KbOkBeX8n0s+7W+I5p0XhxX6TQQ==",
      "license": "MIT"
    },
    "node_modules/ios-sim/node_modules/nopt": {
      "version": "1.0.9",
      "resolved": "https://registry.npmjs.org/nopt/-/nopt-1.0.9.tgz",
      "integrity": "sha512-CmUZ3rzN0/4kRHum5NGRiZkvD735B4QaXC8VntkbAkHk8Yz5uT2w8Y9K7k1E1I7iFmQip/z7Uu97ZxVvjH+DA==",
      "license": "MIT",
      "dependencies": {
        "abbrev": "1"
      },
      "bin": {
        "nopt": "bin/nopt.js"
      }
    },
    "node_modules/ios-sim/node_modules/abbrev": {
      "version": "1.1.1",
      "resolved": "https://registry.npmjs.org/abbrev/-/abbrev-1.1.1.tgz",
      "integrity": "sha512-nne9/IiQ/hzIhY6pdDnbBtz7DjPTKrY00P/zvPSm5pOFkl6xuGrGnXn/VtTNNfNtAfZ9/1RtehkszU9qcTii0Q==",
      "license": "ISC"
    },
    "node_modules/is-stream": {
      "version": "2.0.1",
      "resolved": "https://registry.npmjs.org/is-stream/-/is-stream-2.0.1.tgz",
      "integrity": "sha512-hFoiJiTl63nn+kstHGBtewWSKnQLpyb155KHheA1l39uvtO9nWIop1p3udqPcUd/xbF1VLMO4n7OI6p7RbngDg==",
      "license": "MIT",
      "engines": {
        "node": ">=8"
      },
      "funding": {
        "url": "https://github.com/sponsors/sindresorhus"
      }
    },
    "node_modules/isexe": {
      "version": "2.0.0",
      "resolved": "https://registry.npmjs.org/isexe/-/isexe-2.0.0.tgz",
      "integrity": "sha512-RHxMLp9lnKHGHRng9QFhRCMbYAcVpn69smSGcq3f36xjgVVWThj4qqLbTLlq7Ssj8B+fIQ1EuCEGI2lKsyQeIw==",
      "license": "ISC"
    },
    "node_modules/jsonfile": {
      "version": "6.1.0",
      "resolved": "https://registry.npmjs.org/jsonfile/-/jsonfile-6.1.0.tgz",
      "integrity": "sha512-5dgndWOriYSm5cnYaJNhalLNDKOqFwyDB/rr1E9ZsGciGvKPs8R2xYGCacuf3z6K1YKDz182fd+fY3cn3pMqXQ==",
      "license": "MIT",
      "dependencies": {
        "universalify": "^2.0.0"
      },
      "optionalDependencies": {
        "graceful-fs": "^4.1.6"
      }
    },
    "node_modules/merge-stream": {
      "version": "2.0.0",
      "resolved": "https://registry.npmjs.org/merge-stream/-/merge-stream-2.0.0.tgz",
      "integrity": "sha512-abv/qOcuPfk3URPfDzmZU1LKmuw8kT+0nIHvKrKgFrwifol/doWcdA4ZqsWQ8ENrFKkd67Mfpo/LovbIUsbt3w==",
      "license": "MIT"
    },
    "node_modules/mimic-fn": {
      "version": "2.1.0",
      "resolved": "https://registry.npmjs.org/mimic-fn/-/mimic-fn-2.1.0.tgz",
      "integrity": "sha512-OqbOk5oEQeAZ8WXWydlu9HJjz9WVdEIvamMCcXmuqUYjTknH/sqsWvhQ3vgwKFRR1HpjvNBKQ37nbJgYzGqGcg==",
      "license": "MIT",
      "engines": {
        "node": ">=6"
      }
    },
    "node_modules/nopt": {
      "version": "7.2.1",
      "resolved": "https://registry.npmjs.org/nopt/-/nopt-7.2.1.tgz",
      "integrity": "sha512-taM24ViiimT/XntxbPyJQzCG+p4EKOpgD3mxFwW38mGjVUrfERQOeY4EDHjdnptttfHuHQXFx+lTP08Q+mLa/w==",
      "license": "ISC",
      "dependencies": {
        "abbrev": "^2.0.0"
      },
      "bin": {
        "nopt": "bin/nopt.js"
      },
      "engines": {
        "node": "^14.17.0 || ^16.13.0 || >=18.0.0"
      }
    },
    "node_modules/npm-run-path": {
      "version": "4.0.1",
      "resolved": "https://registry.npmjs.org/npm-run-path/-/npm-run-path-4.0.1.tgz",
      "integrity": "sha512-S48WzZW777zhNIrn7gxOlISNAqi9ZC/uQFnRdbeIHhZhCA6UqpkOT8T1G7BvfdgP4Er8gF4sUbaS0i7QvIfCWw==",
      "license": "MIT",
      "dependencies": {
        "path-key": "^3.0.0"
      },
      "engines": {
        "node": ">=8"
      }
    },
    "node_modules/onetime": {
      "version": "5.1.2",
      "resolved": "https://registry.npmjs.org/onetime/-/onetime-5.1.2.tgz",
      "integrity": "sha512-kbpaSSGJTWdAY5KPVeMOKXSrPtr8C8C7wodJbcsd51jRnmD+GZu8Y0VoU6Dm5Z4vWr0Ig/1NKuWRKf7j5aaYSg==",
      "license": "MIT",
      "dependencies": {
        "mimic-fn": "^2.1.0"
      },
      "engines": {
        "node": ">=6"
      },
      "funding": {
        "url": "https://github.com/sponsors/sindresorhus"
      }
    },
    "node_modules/path-key": {
      "version": "3.1.1",
      "resolved": "https://registry.npmjs.org/path-key/-/path-key-3.1.1.tgz",
      "integrity": "sha512-ojmeN0qd+y0jszEtoY48r0Peq5dwMEkIlCOu6Q5f41lfkswXuKtYrhgoTpLnyIcHm24Uhqx+5Tqm2InSwLhE6Q==",
      "license": "MIT",
      "engines": {
        "node": ">=8"
      }
    },
    "node_modules/plist": {
      "version": "3.1.0",
      "resolved": "https://registry.npmjs.org/plist/-/plist-3.1.0.tgz",
      "integrity": "sha512-uysumyrvkUX0rX/dEVqt8gC3sTBzd4zoWfKDZitGcw06hIb61Db8Aw1fQ77gzU2O7L3mQBZ9QsV8vmj0Irn4lw==",
      "license": "MIT",
      "dependencies": {
        "base64-js": "^1.5.1",
        "xmlbuilder": "^15.1.1"
      },
      "engines": {
        "node": ">=6"
      }
    },
    "node_modules/properties-parser": {
      "version": "0.3.1",
      "resolved": "https://registry.npmjs.org/properties-parser/-/properties-parser-0.3.1.tgz",
      "integrity": "sha512-AkSQxQAviJ89x4FIxOyHGfO3uund0gvYo7lfD0E+Gp7gFQKrTNgtoYQklu8EhrfHVZUzTwKGZx2r/KDSfnljcA==",
      "license": "MIT",
      "dependencies": {
        "string.prototype.codepointat": "^0.2.0"
      },
      "engines": {
        "node": ">= 0.2.7"
      }
    },
    "node_modules/semver": {
      "version": "7.6.3",
      "resolved": "https://registry.npmjs.org/semver/-/semver-7.6.3.tgz",
      "integrity": "sha512-oVekP1cKtI+CTDvHWYFUcMtsK/00wmAEfyqKfNdARm8u1wNVhSgaX7A8d4UuIlUI5e84iEwOhs7ZPYRmzU9U6A==",
      "license": "ISC",
      "bin": {
        "semver": "bin/semver.js"
      },
      "engines": {
        "node": ">=10"
      }
    },
    "node_modules/shebang-command": {
      "version": "2.0.0",
      "resolved": "https://registry.npmjs.org/shebang-command/-/shebang-command-2.0.0.tgz",
      "integrity": "sha512-kHxr2zZpYtdmrN1qDjrrX/Z1rR1kG8Dx+gkpK1G4eXmvXswmcE1hTWBWYUzlraYw1/yZp6YuDY77YtvbN0dmDA==",
      "license": "MIT",
      "dependencies": {
        "shebang-regex": "^3.0.0"
      },
      "engines": {
        "node": ">=8"
      }
    },
    "node_modules/shebang-regex": {
      "version": "3.0.0",
      "resolved": "https://registry.npmjs.org/shebang-regex/-/shebang-regex-3.0.0.tgz",
      "integrity": "sha512-7++dFhtcx3353uBaq8DDR4NuxBetBzC7ZQOhmTQInHEd6bSrXdiEyzCvG07Z44UYdLShWUyXt5M/yhz8ekcb1A==",
      "license": "MIT",
      "engines": {
        "node": ">=8"
      }
    },
    "node_modules/signal-exit": {
      "version": "3.0.7",
      "resolved": "https://registry.npmjs.org/signal-exit/-/signal-exit-3.0.7.tgz",
      "integrity": "sha512-wnD2ZE+l+SPC/uoS0vXeE9L1+0wuaMqKlfz9AMUo38JsyLSBWSFcHR1Rri62LZc12vLr1gb3jl7iwQhgwpAbGQ==",
      "license": "ISC"
    },
    "node_modules/simctl": {
      "version": "2.0.3",
      "resolved": "https://registry.npmjs.org/simctl/-/simctl-2.0.3.tgz",
      "integrity": "sha512-krzldZJQgPJvx2lTq0xUDfYJVMvVtifc6O6/+7Oh8VEs2Vcg9gYbId4KnBqIgfMk8pFgB58oj4smXwJ7D8sDg==",
      "license": "MIT",
      "dependencies": {
        "shelljs": "^0.2.6",
        "tail": "^0.4.0"
      }
    },
    "node_modules/simctl/node_modules/shelljs": {
      "version": "0.2.6",
      "resolved": "https://registry.npmjs.org/shelljs/-/shelljs-0.2.6.tgz",
      "integrity": "sha512-kJ/LBOunDd3wAZq7aZ4L9QO3O0ZBN0V7sB1dFUEkLR50w2n5QYtQyuREKZ9P6iJ5m78m99KPC4/H2UvZ7qF5A==",
      "bin": {
        "shjs": "bin/shjs"
      },
      "engines": {
        "node": ">=0.8.0"
      }
    },
    "node_modules/stream-buffers": {
      "version": "2.2.0",
      "resolved": "https://registry.npmjs.org/stream-buffers/-/stream-buffers-2.2.0.tgz",
      "integrity": "sha512-uyQK/mx5QjHun80FLJTfaWE7JtwfRMKBLkMne6udYOmvH0CawotVa7TfgYHzAnpphn4+TweIx1QKMnRIbipmUg==",
      "license": "Unlicense",
      "engines": {
        "node": ">= 0.10.0"
      }
    },
    "node_modules/string.prototype.codepointat": {
      "version": "0.2.1",
      "resolved": "https://registry.npmjs.org/string.prototype.codepointat/-/string.prototype.codepointat-0.2.1.tgz",
      "integrity": "sha512-2cBVCj6I4IOvEnjgO/hWqXjqBGsY+zwPmHl12Srk9IXSZ56Jwwmy+66XO5Iut/oQVR7t5ihYdLB0GMa4alEUcg==",
      "license": "MIT"
    },
    "node_modules/strip-final-newline": {
      "version": "2.0.0",
      "resolved": "https://registry.npmjs.org/strip-final-newline/-/strip-final-newline-2.0.0.tgz",
      "integrity": "sha512-BrpvfNAE3dcvq7ll3xVumzjKjZQ5tI1sEUIKr3Uoks0XUl45St3FlatVqef9prk4jRDzhW6WZg+3bk93y6pLjA==",
      "license": "MIT",
      "engines": {
        "node": ">=6"
      }
    },
    "node_modules/tail": {
      "version": "0.4.0",
      "resolved": "https://registry.npmjs.org/tail/-/tail-0.4.0.tgz",
      "integrity": "sha512-i5rOhX0PwkFSbjID14mm5qrORqRbfVdYiLbXHz2cW7dB7U9rR4v2gHPL8D4eZ4WaLN3jMqEFpZ/SQ4u6e3XMA==",
      "license": "MIT",
      "engines": {
        "node": ">= 6.0.0"
      }
    },
    "node_modules/universalify": {
      "version": "2.0.1",
      "resolved": "https://registry.npmjs.org/universalify/-/universalify-2.0.1.tgz",
      "integrity": "sha512-gptHNQghINnc/vTGIk0SOFGFNXw7JVrlRUtConJRlvaw6DuX0wO5Jeko9sWrMBhh+PsYAZ7oXAiOnf/UKogyiw==",
      "license": "MIT",
      "engines": {
        "node": ">= 10.0.0"
      }
    },
    "node_modules/unorm": {
      "version": "1.6.0",
      "resolved": "https://registry.npmjs.org/unorm/-/unorm-1.6.0.tgz",
      "integrity": "sha512-b2/KCUlYZUeA7JFUuRJZPUtr4gZvBh7tavtv4fvk4+KV9pfGiR6CQAQAWl49ZpR3ts2dk4FYkP7EIgDJoiOLDA==",
      "license": "MIT or GPL-2.0",
      "engines": {
        "node": ">= 0.4.0"
      }
    },
    "node_modules/uuid": {
      "version": "7.0.3",
      "resolved": "https://registry.npmjs.org/uuid/-/uuid-7.0.3.tgz",
      "integrity": "sha512-DPSke0pXhTZgoF/d+WSt2QaKMCFSfx7QegxEWT+JOuHF5aWrKEn0G+ztjuJg/gG8/ItK+rbPCD/yNv8yyih6Cg==",
      "license": "MIT",
      "bin": {
        "uuid": "dist/bin/uuid"
      }
    },
    "node_modules/which": {
      "version": "3.0.1",
      "resolved": "https://registry.npmjs.org/which/-/which-3.0.1.tgz",
      "integrity": "sha512-XA1b62dzQzLfaEOSQFTCOd5KFf/1VSzZo7/7TUjnya6u0vGGKzU96UQBZTAThCb2j4/xjBAyii1OhRLJEivHvg==",
      "license": "ISC",
      "dependencies": {
        "isexe": "^2.0.0"
      },
      "bin": {
        "node-which": "bin/which.js"
      },
      "engines": {
        "node": "^14.17.0 || ^16.13.0 || >=18.0.0"
      }
    },
    "node_modules/xcode": {
      "version": "3.0.1",
      "resolved": "https://registry.npmjs.org/xcode/-/xcode-3.0.1.tgz",
      "integrity": "sha512-kCz5k7J7XbJtjABOvkc5lJmkiDh8VhjVCGNiqdKCscmVpdVUpEAyXv1xmCLkQJ5dsHqx3IPO4XW+NTDhU/fatA==",
      "license": "Apache-2.0",
      "dependencies": {
        "simple-plist": "^1.1.0",
        "uuid": "^7.0.3"
      },
      "engines": {
        "node": ">=10.0.0"
      }
    },
    "node_modules/xcode/node_modules/simple-plist": {
      "version": "1.3.1",
      "resolved": "https://registry.npmjs.org/simple-plist/-/simple-plist-1.3.1.tgz",
      "integrity": "sha512-iMSw5i0XseMnrhtIzRb7XpQEXepa9xhWxGUojHBL43SIpQuDQkh3Wpy67ZbDzZVr6EKxvwVChnVpdl8hEVLDiw==",
      "license": "MIT",
      "dependencies": {
        "bplist-creator": "0.1.0",
        "bplist-parser": "0.3.1",
        "plist": "^3.0.5"
      }
    },
    "node_modules/xcode/node_modules/bplist-parser": {
      "version": "0.3.1",
      "resolved": "https://registry.npmjs.org/bplist-parser/-/bplist-parser-0.3.1.tgz",
      "integrity": "sha512-PyJxiNtA5T2PlLIeBot4lbp7rj4OadzjnMZD/G5zuBNt8ei/yCU7+wW0h2bag9vr8c+/WuRWmSxbqAl9hL1rBA==",
      "license": "MIT",
      "dependencies": {
        "big-integer": "1.6.x"
      },
      "engines": {
        "node": ">= 5.10.0"
      }
    },
    "node_modules/xml-escape": {
      "version": "1.1.0",
      "resolved": "https://registry.npmjs.org/xml-escape/-/xml-escape-1.1.0.tgz",
      "integrity": "sha512-B/T4sDK8Z6aUh/qNr7mjKAwwncIljFuUP+DO/D5hloYFj+90O88z8Wf7oSucZTHxBAsC1/CTP4rtx/x1Uf72Mg==",
      "license": "MIT"
    },
    "node_modules/xmlbuilder": {
      "version": "15.1.1",
      "resolved": "https://registry.npmjs.org/xmlbuilder/-/xmlbuilder-15.1.1.tgz",
      "integrity": "sha512-yMqGBqtXyeN1e3TGYvgNgDVZ3j84W4cwkOXQswghol6APgZWaff9lnbvN7MHYJOiXsvGPXtjTYJEiC9J2wv9Eg==",
      "license": "MIT",
      "engines": {
        "node": ">=8.0"
      }
    }
  }
}